// !$*UTF8*$!
{
	archiveVersion = 1;
	classes = {
	};
	objectVersion = 50;
	objects = {

/* Begin PBXBuildFile section */
		17CAAF0C269C8116007B4D1A /* HackerNewsApp.swift in Sources */ = {isa = PBXBuildFile; fileRef = 17CAAF0B269C8116007B4D1A /* HackerNewsApp.swift */; };
		17CAAF10269C8118007B4D1A /* Assets.xcassets in Resources */ = {isa = PBXBuildFile; fileRef = 17CAAF0F269C8118007B4D1A /* Assets.xcassets */; };
		17CAAF13269C8118007B4D1A /* Preview Assets.xcassets in Resources */ = {isa = PBXBuildFile; fileRef = 17CAAF12269C8118007B4D1A /* Preview Assets.xcassets */; };
		17CAAF1B269C81CC007B4D1A /* NavigationBarModifier.swift in Sources */ = {isa = PBXBuildFile; fileRef = 17CAAF1A269C81CC007B4D1A /* NavigationBarModifier.swift */; };
		17CAAF1E269C821E007B4D1A /* Webservice.swift in Sources */ = {isa = PBXBuildFile; fileRef = 17CAAF1D269C821E007B4D1A /* Webservice.swift */; };
		17CAAF21269C8598007B4D1A /* StoryListViewModel.swift in Sources */ = {isa = PBXBuildFile; fileRef = 17CAAF20269C8598007B4D1A /* StoryListViewModel.swift */; };
		17CAAF24269C86EE007B4D1A /* StoryListView.swift in Sources */ = {isa = PBXBuildFile; fileRef = 17CAAF23269C86EE007B4D1A /* StoryListView.swift */; };
		17CAAF27269C8B9B007B4D1A /* Story.swift in Sources */ = {isa = PBXBuildFile; fileRef = 17CAAF26269C8B9B007B4D1A /* Story.swift */; };
		17CAAF29269C8CF3007B4D1A /* StoryDetailViewModel.swift in Sources */ = {isa = PBXBuildFile; fileRef = 17CAAF28269C8CF3007B4D1A /* StoryDetailViewModel.swift */; };
		17CAAF2B269C8E26007B4D1A /* StoryDetailView.swift in Sources */ = {isa = PBXBuildFile; fileRef = 17CAAF2A269C8E26007B4D1A /* StoryDetailView.swift */; };
		17CAAF2D269CC569007B4D1A /* Webview.swift in Sources */ = {isa = PBXBuildFile; fileRef = 17CAAF2C269CC569007B4D1A /* Webview.swift */; };
		17CAAF30269CC786007B4D1A /* Webview+Extensions.swift in Sources */ = {isa = PBXBuildFile; fileRef = 17CAAF2F269CC786007B4D1A /* Webview+Extensions.swift */; };
/* End PBXBuildFile section */

/* Begin PBXFileReference section */
		17CAAF08269C8116007B4D1A /* HackerNews.app */ = {isa = PBXFileReference; explicitFileType = wrapper.application; includeInIndex = 0; path = HackerNews.app; sourceTree = BUILT_PRODUCTS_DIR; };
		17CAAF0B269C8116007B4D1A /* HackerNewsApp.swift */ = {isa = PBXFileReference; lastKnownFileType = sourcecode.swift; path = HackerNewsApp.swift; sourceTree = "<group>"; };
		17CAAF0F269C8118007B4D1A /* Assets.xcassets */ = {isa = PBXFileReference; lastKnownFileType = folder.assetcatalog; path = Assets.xcassets; sourceTree = "<group>"; };
		17CAAF12269C8118007B4D1A /* Preview Assets.xcassets */ = {isa = PBXFileReference; lastKnownFileType = folder.assetcatalog; path = "Preview Assets.xcassets"; sourceTree = "<group>"; };
		17CAAF14269C8118007B4D1A /* Info.plist */ = {isa = PBXFileReference; lastKnownFileType = text.plist.xml; path = Info.plist; sourceTree = "<group>"; };
		17CAAF1A269C81CC007B4D1A /* NavigationBarModifier.swift */ = {isa = PBXFileReference; lastKnownFileType = sourcecode.swift; path = NavigationBarModifier.swift; sourceTree = "<group>"; };
		17CAAF1D269C821E007B4D1A /* Webservice.swift */ = {isa = PBXFileReference; lastKnownFileType = sourcecode.swift; path = Webservice.swift; sourceTree = "<group>"; };
		17CAAF20269C8598007B4D1A /* StoryListViewModel.swift */ = {isa = PBXFileReference; lastKnownFileType = sourcecode.swift; path = StoryListViewModel.swift; sourceTree = "<group>"; };
		17CAAF23269C86EE007B4D1A /* StoryListView.swift */ = {isa = PBXFileReference; lastKnownFileType = sourcecode.swift; path = StoryListView.swift; sourceTree = "<group>"; };
		17CAAF26269C8B9B007B4D1A /* Story.swift */ = {isa = PBXFileReference; lastKnownFileType = sourcecode.swift; path = Story.swift; sourceTree = "<group>"; };
		17CAAF28269C8CF3007B4D1A /* StoryDetailViewModel.swift */ = {isa = PBXFileReference; lastKnownFileType = sourcecode.swift; path = StoryDetailViewModel.swift; sourceTree = "<group>"; };
		17CAAF2A269C8E26007B4D1A /* StoryDetailView.swift */ = {isa = PBXFileReference; lastKnownFileType = sourcecode.swift; path = StoryDetailView.swift; sourceTree = "<group>"; };
		17CAAF2C269CC569007B4D1A /* Webview.swift */ = {isa = PBXFileReference; lastKnownFileType = sourcecode.swift; path = Webview.swift; sourceTree = "<group>"; };
		17CAAF2F269CC786007B4D1A /* Webview+Extensions.swift */ = {isa = PBXFileReference; lastKnownFileType = sourcecode.swift; path = "Webview+Extensions.swift"; sourceTree = "<group>"; };
/* End PBXFileReference section */

/* Begin PBXFrameworksBuildPhase section */
		17CAAF05269C8116007B4D1A /* Frameworks */ = {
			isa = PBXFrameworksBuildPhase;
			buildActionMask = 2147483647;
			files = (
			);
			runOnlyForDeploymentPostprocessing = 0;
		};
/* End PBXFrameworksBuildPhase section */

/* Begin PBXGroup section */
		17CAAEFF269C8115007B4D1A = {
			isa = PBXGroup;
			children = (
				17CAAF0A269C8116007B4D1A /* HackerNews */,
				17CAAF09269C8116007B4D1A /* Products */,
			);
			sourceTree = "<group>";
		};
		17CAAF09269C8116007B4D1A /* Products */ = {
			isa = PBXGroup;
			children = (
				17CAAF08269C8116007B4D1A /* HackerNews.app */,
			);
			name = Products;
			sourceTree = "<group>";
		};
		17CAAF0A269C8116007B4D1A /* HackerNews */ = {
			isa = PBXGroup;
			children = (
				17CAAF2E269CC777007B4D1A /* Extensions */,
				17CAAF25269C8B8D007B4D1A /* Models */,
				17CAAF22269C86D3007B4D1A /* Views */,
				17CAAF1F269C8585007B4D1A /* ViewModels */,
				17CAAF1C269C8213007B4D1A /* Services */,
				17CAAF0B269C8116007B4D1A /* HackerNewsApp.swift */,
				17CAAF0F269C8118007B4D1A /* Assets.xcassets */,
				17CAAF14269C8118007B4D1A /* Info.plist */,
				17CAAF11269C8118007B4D1A /* Preview Content */,
			);
			path = HackerNews;
			sourceTree = "<group>";
		};
		17CAAF11269C8118007B4D1A /* Preview Content */ = {
			isa = PBXGroup;
			children = (
				17CAAF12269C8118007B4D1A /* Preview Assets.xcassets */,
			);
			path = "Preview Content";
			sourceTree = "<group>";
		};
		17CAAF1C269C8213007B4D1A /* Services */ = {
			isa = PBXGroup;
			children = (
				17CAAF1D269C821E007B4D1A /* Webservice.swift */,
			);
			path = Services;
			sourceTree = "<group>";
		};
		17CAAF1F269C8585007B4D1A /* ViewModels */ = {
			isa = PBXGroup;
			children = (
				17CAAF20269C8598007B4D1A /* StoryListViewModel.swift */,
				17CAAF28269C8CF3007B4D1A /* StoryDetailViewModel.swift */,
			);
			path = ViewModels;
			sourceTree = "<group>";
		};
		17CAAF22269C86D3007B4D1A /* Views */ = {
			isa = PBXGroup;
			children = (
				17CAAF1A269C81CC007B4D1A /* NavigationBarModifier.swift */,
				17CAAF23269C86EE007B4D1A /* StoryListView.swift */,
				17CAAF2A269C8E26007B4D1A /* StoryDetailView.swift */,
				17CAAF2C269CC569007B4D1A /* Webview.swift */,
			);
			path = Views;
			sourceTree = "<group>";
		};
		17CAAF25269C8B8D007B4D1A /* Models */ = {
			isa = PBXGroup;
			children = (
				17CAAF26269C8B9B007B4D1A /* Story.swift */,
			);
			path = Models;
			sourceTree = "<group>";
		};
		17CAAF2E269CC777007B4D1A /* Extensions */ = {
			isa = PBXGroup;
			children = (
				17CAAF2F269CC786007B4D1A /* Webview+Extensions.swift */,
			);
			path = Extensions;
			sourceTree = "<group>";
		};
/* End PBXGroup section */

/* Begin PBXNativeTarget section */
		17CAAF07269C8116007B4D1A /* HackerNews */ = {
			isa = PBXNativeTarget;
			buildConfigurationList = 17CAAF17269C8118007B4D1A /* Build configuration list for PBXNativeTarget "HackerNews" */;
			buildPhases = (
				17CAAF04269C8116007B4D1A /* Sources */,
				17CAAF05269C8116007B4D1A /* Frameworks */,
				17CAAF06269C8116007B4D1A /* Resources */,
			);
			buildRules = (
			);
			dependencies = (
			);
			name = HackerNews;
			productName = HackerNews;
			productReference = 17CAAF08269C8116007B4D1A /* HackerNews.app */;
			productType = "com.apple.product-type.application";
		};
/* End PBXNativeTarget section */

/* Begin PBXProject section */
		17CAAF00269C8115007B4D1A /* Project object */ = {
			isa = PBXProject;
			attributes = {
				LastSwiftUpdateCheck = 1250;
				LastUpgradeCheck = 1250;
				TargetAttributes = {
					17CAAF07269C8116007B4D1A = {
						CreatedOnToolsVersion = 12.5.1;
					};
				};
			};
			buildConfigurationList = 17CAAF03269C8115007B4D1A /* Build configuration list for PBXProject "HackerNews" */;
			compatibilityVersion = "Xcode 9.3";
			developmentRegion = en;
			hasScannedForEncodings = 0;
			knownRegions = (
				en,
				Base,
			);
			mainGroup = 17CAAEFF269C8115007B4D1A;
			productRefGroup = 17CAAF09269C8116007B4D1A /* Products */;
			projectDirPath = "";
			projectRoot = "";
			targets = (
				17CAAF07269C8116007B4D1A /* HackerNews */,
			);
		};
/* End PBXProject section */

/* Begin PBXResourcesBuildPhase section */
		17CAAF06269C8116007B4D1A /* Resources */ = {
			isa = PBXResourcesBuildPhase;
			buildActionMask = 2147483647;
			files = (
				17CAAF13269C8118007B4D1A /* Preview Assets.xcassets in Resources */,
				17CAAF10269C8118007B4D1A /* Assets.xcassets in Resources */,
			);
			runOnlyForDeploymentPostprocessing = 0;
		};
/* End PBXResourcesBuildPhase section */

/* Begin PBXSourcesBuildPhase section */
		17CAAF04269C8116007B4D1A /* Sources */ = {
			isa = PBXSourcesBuildPhase;
			buildActionMask = 2147483647;
			files = (
				17CAAF0C269C8116007B4D1A /* HackerNewsApp.swift in Sources */,
				17CAAF30269CC786007B4D1A /* Webview+Extensions.swift in Sources */,
				17CAAF24269C86EE007B4D1A /* StoryListView.swift in Sources */,
				17CAAF21269C8598007B4D1A /* StoryListViewModel.swift in Sources */,
				17CAAF2D269CC569007B4D1A /* Webview.swift in Sources */,
				17CAAF29269C8CF3007B4D1A /* StoryDetailViewModel.swift in Sources */,
				17CAAF1E269C821E007B4D1A /* Webservice.swift in Sources */,
				17CAAF1B269C81CC007B4D1A /* NavigationBarModifier.swift in Sources */,
				17CAAF27269C8B9B007B4D1A /* Story.swift in Sources */,
				17CAAF2B269C8E26007B4D1A /* StoryDetailView.swift in Sources */,
			);
			runOnlyForDeploymentPostprocessing = 0;
		};
/* End PBXSourcesBuildPhase section */

/* Begin XCBuildConfiguration section */
		17CAAF15269C8118007B4D1A /* Debug */ = {
			isa = XCBuildConfiguration;
			buildSettings = {
				ALWAYS_SEARCH_USER_PATHS = NO;
				CLANG_ANALYZER_NONNULL = YES;
				CLANG_ANALYZER_NUMBER_OBJECT_CONVERSION = YES_AGGRESSIVE;
				CLANG_CXX_LANGUAGE_STANDARD = "gnu++14";
				CLANG_CXX_LIBRARY = "libc++";
				CLANG_ENABLE_MODULES = YES;
				CLANG_ENABLE_OBJC_ARC = YES;
				CLANG_ENABLE_OBJC_WEAK = YES;
				CLANG_WARN_BLOCK_CAPTURE_AUTORELEASING = YES;
				CLANG_WARN_BOOL_CONVERSION = YES;
				CLANG_WARN_COMMA = YES;
				CLANG_WARN_CONSTANT_CONVERSION = YES;
				CLANG_WARN_DEPRECATED_OBJC_IMPLEMENTATIONS = YES;
				CLANG_WARN_DIRECT_OBJC_ISA_USAGE = YES_ERROR;
				CLANG_WARN_DOCUMENTATION_COMMENTS = YES;
				CLANG_WARN_EMPTY_BODY = YES;
				CLANG_WARN_ENUM_CONVERSION = YES;
				CLANG_WARN_INFINITE_RECURSION = YES;
				CLANG_WARN_INT_CONVERSION = YES;
				CLANG_WARN_NON_LITERAL_NULL_CONVERSION = YES;
				CLANG_WARN_OBJC_IMPLICIT_RETAIN_SELF = YES;
				CLANG_WARN_OBJC_LITERAL_CONVERSION = YES;
				CLANG_WARN_OBJC_ROOT_CLASS = YES_ERROR;
				CLANG_WARN_QUOTED_INCLUDE_IN_FRAMEWORK_HEADER = YES;
				CLANG_WARN_RANGE_LOOP_ANALYSIS = YES;
				CLANG_WARN_STRICT_PROTOTYPES = YES;
				CLANG_WARN_SUSPICIOUS_MOVE = YES;
				CLANG_WARN_UNGUARDED_AVAILABILITY = YES_AGGRESSIVE;
				CLANG_WARN_UNREACHABLE_CODE = YES;
				CLANG_WARN__DUPLICATE_METHOD_MATCH = YES;
				COPY_PHASE_STRIP = NO;
				DEBUG_INFORMATION_FORMAT = dwarf;
				ENABLE_STRICT_OBJC_MSGSEND = YES;
				ENABLE_TESTABILITY = YES;
				GCC_C_LANGUAGE_STANDARD = gnu11;
				GCC_DYNAMIC_NO_PIC = NO;
				GCC_NO_COMMON_BLOCKS = YES;
				GCC_OPTIMIZATION_LEVEL = 0;
				GCC_PREPROCESSOR_DEFINITIONS = (
					"DEBUG=1",
					"$(inherited)",
				);
				GCC_WARN_64_TO_32_BIT_CONVERSION = YES;
				GCC_WARN_ABOUT_RETURN_TYPE = YES_ERROR;
				GCC_WARN_UNDECLARED_SELECTOR = YES;
				GCC_WARN_UNINITIALIZED_AUTOS = YES_AGGRESSIVE;
				GCC_WARN_UNUSED_FUNCTION = YES;
				GCC_WARN_UNUSED_VARIABLE = YES;
				IPHONEOS_DEPLOYMENT_TARGET = 14.5;
				MTL_ENABLE_DEBUG_INFO = INCLUDE_SOURCE;
				MTL_FAST_MATH = YES;
				ONLY_ACTIVE_ARCH = YES;
				SDKROOT = iphoneos;
				SWIFT_ACTIVE_COMPILATION_CONDITIONS = DEBUG;
				SWIFT_OPTIMIZATION_LEVEL = "-Onone";
			};
			name = Debug;
		};
		17CAAF16269C8118007B4D1A /* Release */ = {
			isa = XCBuildConfiguration;
			buildSettings = {
				ALWAYS_SEARCH_USER_PATHS = NO;
				CLANG_ANALYZER_NONNULL = YES;
				CLANG_ANALYZER_NUMBER_OBJECT_CONVERSION = YES_AGGRESSIVE;
				CLANG_CXX_LANGUAGE_STANDARD = "gnu++14";
				CLANG_CXX_LIBRARY = "libc++";
				CLANG_ENABLE_MODULES = YES;
				CLANG_ENABLE_OBJC_ARC = YES;
				CLANG_ENABLE_OBJC_WEAK = YES;
				CLANG_WARN_BLOCK_CAPTURE_AUTORELEASING = YES;
				CLANG_WARN_BOOL_CONVERSION = YES;
				CLANG_WARN_COMMA = YES;
				CLANG_WARN_CONSTANT_CONVERSION = YES;
				CLANG_WARN_DEPRECATED_OBJC_IMPLEMENTATIONS = YES;
				CLANG_WARN_DIRECT_OBJC_ISA_USAGE = YES_ERROR;
				CLANG_WARN_DOCUMENTATION_COMMENTS = YES;
				CLANG_WARN_EMPTY_BODY = YES;
				CLANG_WARN_ENUM_CONVERSION = YES;
				CLANG_WARN_INFINITE_RECURSION = YES;
				CLANG_WARN_INT_CONVERSION = YES;
				CLANG_WARN_NON_LITERAL_NULL_CONVERSION = YES;
				CLANG_WARN_OBJC_IMPLICIT_RETAIN_SELF = YES;
				CLANG_WARN_OBJC_LITERAL_CONVERSION = YES;
				CLANG_WARN_OBJC_ROOT_CLASS = YES_ERROR;
				CLANG_WARN_QUOTED_INCLUDE_IN_FRAMEWORK_HEADER = YES;
				CLANG_WARN_RANGE_LOOP_ANALYSIS = YES;
				CLANG_WARN_STRICT_PROTOTYPES = YES;
				CLANG_WARN_SUSPICIOUS_MOVE = YES;
				CLANG_WARN_UNGUARDED_AVAILABILITY = YES_AGGRESSIVE;
				CLANG_WARN_UNREACHABLE_CODE = YES;
				CLANG_WARN__DUPLICATE_METHOD_MATCH = YES;
				COPY_PHASE_STRIP = NO;
				DEBUG_INFORMATION_FORMAT = "dwarf-with-dsym";
				ENABLE_NS_ASSERTIONS = NO;
				ENABLE_STRICT_OBJC_MSGSEND = YES;
				GCC_C_LANGUAGE_STANDARD = gnu11;
				GCC_NO_COMMON_BLOCKS = YES;
				GCC_WARN_64_TO_32_BIT_CONVERSION = YES;
				GCC_WARN_ABOUT_RETURN_TYPE = YES_ERROR;
				GCC_WARN_UNDECLARED_SELECTOR = YES;
				GCC_WARN_UNINITIALIZED_AUTOS = YES_AGGRESSIVE;
				GCC_WARN_UNUSED_FUNCTION = YES;
				GCC_WARN_UNUSED_VARIABLE = YES;
				IPHONEOS_DEPLOYMENT_TARGET = 14.5;
				MTL_ENABLE_DEBUG_INFO = NO;
				MTL_FAST_MATH = YES;
				SDKROOT = iphoneos;
				SWIFT_COMPILATION_MODE = wholemodule;
				SWIFT_OPTIMIZATION_LEVEL = "-O";
				VALIDATE_PRODUCT = YES;
			};
			name = Release;
		};
		17CAAF18269C8118007B4D1A /* Debug */ = {
			isa = XCBuildConfiguration;
			buildSettings = {
				ASSETCATALOG_COMPILER_APPICON_NAME = AppIcon;
				ASSETCATALOG_COMPILER_GLOBAL_ACCENT_COLOR_NAME = AccentColor;
				CODE_SIGN_STYLE = Automatic;
				DEVELOPMENT_ASSET_PATHS = "\"HackerNews/Preview Content\"";
				ENABLE_PREVIEWS = YES;
				INFOPLIST_FILE = HackerNews/Info.plist;
				IPHONEOS_DEPLOYMENT_TARGET = 14.0;
				LD_RUNPATH_SEARCH_PATHS = (
					"$(inherited)",
					"@executable_path/Frameworks",
				);
				PRODUCT_BUNDLE_IDENTIFIER = co.za.dvt.HackerNews;
				PRODUCT_NAME = "$(TARGET_NAME)";
				SWIFT_VERSION = 5.0;
				TARGETED_DEVICE_FAMILY = "1,2";
			};
			name = Debug;
		};
		17CAAF19269C8118007B4D1A /* Release */ = {
			isa = XCBuildConfiguration;
			buildSettings = {
				ASSETCATALOG_COMPILER_APPICON_NAME = AppIcon;
				ASSETCATALOG_COMPILER_GLOBAL_ACCENT_COLOR_NAME = AccentColor;
				CODE_SIGN_STYLE = Automatic;
				DEVELOPMENT_ASSET_PATHS = "\"HackerNews/Preview Content\"";
				ENABLE_PREVIEWS = YES;
				INFOPLIST_FILE = HackerNews/Info.plist;
				IPHONEOS_DEPLOYMENT_TARGET = 14.0;
				LD_RUNPATH_SEARCH_PATHS = (
					"$(inherited)",
					"@executable_path/Frameworks",
				);
				PRODUCT_BUNDLE_IDENTIFIER = co.za.dvt.HackerNews;
				PRODUCT_NAME = "$(TARGET_NAME)";
				SWIFT_VERSION = 5.0;
				TARGETED_DEVICE_FAMILY = "1,2";
			};
			name = Release;
		};
/* End XCBuildConfiguration section */

/* Begin XCConfigurationList section */
		17CAAF03269C8115007B4D1A /* Build configuration list for PBXProject "HackerNews" */ = {
			isa = XCConfigurationList;
			buildConfigurations = (
				17CAAF15269C8118007B4D1A /* Debug */,
				17CAAF16269C8118007B4D1A /* Release */,
			);
			defaultConfigurationIsVisible = 0;
			defaultConfigurationName = Release;
		};
		17CAAF17269C8118007B4D1A /* Build configuration list for PBXNativeTarget "HackerNews" */ = {
			isa = XCConfigurationList;
			buildConfigurations = (
				17CAAF18269C8118007B4D1A /* Debug */,
				17CAAF19269C8118007B4D1A /* Release */,
			);
			defaultConfigurationIsVisible = 0;
			defaultConfigurationName = Release;
		};
/* End XCConfigurationList section */
	};
	rootObject = 17CAAF00269C8115007B4D1A /* Project object */;
}
