// !$*UTF8*$!
{
	archiveVersion = 1;
	classes = {
	};
	objectVersion = 50;
	objects = {

/* Begin PBXBuildFile section */
		17CAAE8626948874007B4D1A /* AppDelegate.swift in Sources */ = {isa = PBXBuildFile; fileRef = 17CAAE8526948874007B4D1A /* AppDelegate.swift */; };
		17CAAE8826948874007B4D1A /* SceneDelegate.swift in Sources */ = {isa = PBXBuildFile; fileRef = 17CAAE8726948874007B4D1A /* SceneDelegate.swift */; };
		17CAAE8A26948874007B4D1A /* ViewController.swift in Sources */ = {isa = PBXBuildFile; fileRef = 17CAAE8926948874007B4D1A /* ViewController.swift */; };
		17CAAE8D26948874007B4D1A /* Main.storyboard in Resources */ = {isa = PBXBuildFile; fileRef = 17CAAE8B26948874007B4D1A /* Main.storyboard */; };
		17CAAE8F26948877007B4D1A /* Assets.xcassets in Resources */ = {isa = PBXBuildFile; fileRef = 17CAAE8E26948877007B4D1A /* Assets.xcassets */; };
		17CAAE9226948877007B4D1A /* LaunchScreen.storyboard in Resources */ = {isa = PBXBuildFile; fileRef = 17CAAE9026948877007B4D1A /* LaunchScreen.storyboard */; };
		17CAAE9B269488A4007B4D1A /* Weather.swift in Sources */ = {isa = PBXBuildFile; fileRef = 17CAAE9A269488A4007B4D1A /* Weather.swift */; };
		17CAAE9F269489BA007B4D1A /* Webservice.swift in Sources */ = {isa = PBXBuildFile; fileRef = 17CAAE9E269489BA007B4D1A /* Webservice.swift */; };
		17CAAEA2269489C9007B4D1A /* Constants.swift in Sources */ = {isa = PBXBuildFile; fileRef = 17CAAEA1269489C9007B4D1A /* Constants.swift */; };
/* End PBXBuildFile section */

/* Begin PBXFileReference section */
		17CAAE8226948874007B4D1A /* WeatherApp.app */ = {isa = PBXFileReference; explicitFileType = wrapper.application; includeInIndex = 0; path = WeatherApp.app; sourceTree = BUILT_PRODUCTS_DIR; };
		17CAAE8526948874007B4D1A /* AppDelegate.swift */ = {isa = PBXFileReference; lastKnownFileType = sourcecode.swift; path = AppDelegate.swift; sourceTree = "<group>"; };
		17CAAE8726948874007B4D1A /* SceneDelegate.swift */ = {isa = PBXFileReference; lastKnownFileType = sourcecode.swift; path = SceneDelegate.swift; sourceTree = "<group>"; };
		17CAAE8926948874007B4D1A /* ViewController.swift */ = {isa = PBXFileReference; lastKnownFileType = sourcecode.swift; path = ViewController.swift; sourceTree = "<group>"; };
		17CAAE8C26948874007B4D1A /* Base */ = {isa = PBXFileReference; lastKnownFileType = file.storyboard; name = Base; path = Base.lproj/Main.storyboard; sourceTree = "<group>"; };
		17CAAE8E26948877007B4D1A /* Assets.xcassets */ = {isa = PBXFileReference; lastKnownFileType = folder.assetcatalog; path = Assets.xcassets; sourceTree = "<group>"; };
		17CAAE9126948877007B4D1A /* Base */ = {isa = PBXFileReference; lastKnownFileType = file.storyboard; name = Base; path = Base.lproj/LaunchScreen.storyboard; sourceTree = "<group>"; };
		17CAAE9326948877007B4D1A /* Info.plist */ = {isa = PBXFileReference; lastKnownFileType = text.plist.xml; path = Info.plist; sourceTree = "<group>"; };
		17CAAE9A269488A4007B4D1A /* Weather.swift */ = {isa = PBXFileReference; lastKnownFileType = sourcecode.swift; path = Weather.swift; sourceTree = "<group>"; };
		17CAAE9E269489BA007B4D1A /* Webservice.swift */ = {isa = PBXFileReference; lastKnownFileType = sourcecode.swift; path = Webservice.swift; sourceTree = "<group>"; };
		17CAAEA1269489C9007B4D1A /* Constants.swift */ = {isa = PBXFileReference; lastKnownFileType = sourcecode.swift; path = Constants.swift; sourceTree = "<group>"; };
/* End PBXFileReference section */

/* Begin PBXFrameworksBuildPhase section */
		17CAAE7F26948874007B4D1A /* Frameworks */ = {
			isa = PBXFrameworksBuildPhase;
			buildActionMask = 2147483647;
			files = (
			);
			runOnlyForDeploymentPostprocessing = 0;
		};
/* End PBXFrameworksBuildPhase section */

/* Begin PBXGroup section */
		17CAAE7926948874007B4D1A = {
			isa = PBXGroup;
			children = (
				17CAAE8426948874007B4D1A /* WeatherApp */,
				17CAAE8326948874007B4D1A /* Products */,
			);
			sourceTree = "<group>";
		};
		17CAAE8326948874007B4D1A /* Products */ = {
			isa = PBXGroup;
			children = (
				17CAAE8226948874007B4D1A /* WeatherApp.app */,
			);
			name = Products;
			sourceTree = "<group>";
		};
		17CAAE8426948874007B4D1A /* WeatherApp */ = {
			isa = PBXGroup;
			children = (
				17CAAEA0269489BF007B4D1A /* Utils */,
				17CAAE9D269489B0007B4D1A /* Services */,
				17CAAE992694889C007B4D1A /* Models */,
				17CAAE8526948874007B4D1A /* AppDelegate.swift */,
				17CAAE8726948874007B4D1A /* SceneDelegate.swift */,
				17CAAE8926948874007B4D1A /* ViewController.swift */,
				17CAAE8B26948874007B4D1A /* Main.storyboard */,
				17CAAE8E26948877007B4D1A /* Assets.xcassets */,
				17CAAE9026948877007B4D1A /* LaunchScreen.storyboard */,
				17CAAE9326948877007B4D1A /* Info.plist */,
			);
			path = WeatherApp;
			sourceTree = "<group>";
		};
		17CAAE992694889C007B4D1A /* Models */ = {
			isa = PBXGroup;
			children = (
				17CAAE9A269488A4007B4D1A /* Weather.swift */,
			);
			path = Models;
			sourceTree = "<group>";
		};
		17CAAE9D269489B0007B4D1A /* Services */ = {
			isa = PBXGroup;
			children = (
				17CAAE9E269489BA007B4D1A /* Webservice.swift */,
			);
			path = Services;
			sourceTree = "<group>";
		};
		17CAAEA0269489BF007B4D1A /* Utils */ = {
			isa = PBXGroup;
			children = (
				17CAAEA1269489C9007B4D1A /* Constants.swift */,
			);
			path = Utils;
			sourceTree = "<group>";
		};
/* End PBXGroup section */

/* Begin PBXNativeTarget section */
		17CAAE8126948874007B4D1A /* WeatherApp */ = {
			isa = PBXNativeTarget;
			buildConfigurationList = 17CAAE9626948877007B4D1A /* Build configuration list for PBXNativeTarget "WeatherApp" */;
			buildPhases = (
				17CAAE7E26948874007B4D1A /* Sources */,
				17CAAE7F26948874007B4D1A /* Frameworks */,
				17CAAE8026948874007B4D1A /* Resources */,
			);
			buildRules = (
			);
			dependencies = (
			);
			name = WeatherApp;
			productName = WeatherApp;
			productReference = 17CAAE8226948874007B4D1A /* WeatherApp.app */;
			productType = "com.apple.product-type.application";
		};
/* End PBXNativeTarget section */

/* Begin PBXProject section */
		17CAAE7A26948874007B4D1A /* Project object */ = {
			isa = PBXProject;
			attributes = {
				LastSwiftUpdateCheck = 1250;
				LastUpgradeCheck = 1250;
				TargetAttributes = {
					17CAAE8126948874007B4D1A = {
						CreatedOnToolsVersion = 12.5.1;
					};
				};
			};
			buildConfigurationList = 17CAAE7D26948874007B4D1A /* Build configuration list for PBXProject "WeatherApp" */;
			compatibilityVersion = "Xcode 9.3";
			developmentRegion = en;
			hasScannedForEncodings = 0;
			knownRegions = (
				en,
				Base,
			);
			mainGroup = 17CAAE7926948874007B4D1A;
			productRefGroup = 17CAAE8326948874007B4D1A /* Products */;
			projectDirPath = "";
			projectRoot = "";
			targets = (
				17CAAE8126948874007B4D1A /* WeatherApp */,
			);
		};
/* End PBXProject section */

/* Begin PBXResourcesBuildPhase section */
		17CAAE8026948874007B4D1A /* Resources */ = {
			isa = PBXResourcesBuildPhase;
			buildActionMask = 2147483647;
			files = (
				17CAAE9226948877007B4D1A /* LaunchScreen.storyboard in Resources */,
				17CAAE8F26948877007B4D1A /* Assets.xcassets in Resources */,
				17CAAE8D26948874007B4D1A /* Main.storyboard in Resources */,
			);
			runOnlyForDeploymentPostprocessing = 0;
		};
/* End PBXResourcesBuildPhase section */

/* Begin PBXSourcesBuildPhase section */
		17CAAE7E26948874007B4D1A /* Sources */ = {
			isa = PBXSourcesBuildPhase;
			buildActionMask = 2147483647;
			files = (
				17CAAE9B269488A4007B4D1A /* Weather.swift in Sources */,
				17CAAE8A26948874007B4D1A /* ViewController.swift in Sources */,
				17CAAE8626948874007B4D1A /* AppDelegate.swift in Sources */,
				17CAAE9F269489BA007B4D1A /* Webservice.swift in Sources */,
				17CAAE8826948874007B4D1A /* SceneDelegate.swift in Sources */,
				17CAAEA2269489C9007B4D1A /* Constants.swift in Sources */,
			);
			runOnlyForDeploymentPostprocessing = 0;
		};
/* End PBXSourcesBuildPhase section */

/* Begin PBXVariantGroup section */
		17CAAE8B26948874007B4D1A /* Main.storyboard */ = {
			isa = PBXVariantGroup;
			children = (
				17CAAE8C26948874007B4D1A /* Base */,
			);
			name = Main.storyboard;
			sourceTree = "<group>";
		};
		17CAAE9026948877007B4D1A /* LaunchScreen.storyboard */ = {
			isa = PBXVariantGroup;
			children = (
				17CAAE9126948877007B4D1A /* Base */,
			);
			name = LaunchScreen.storyboard;
			sourceTree = "<group>";
		};
/* End PBXVariantGroup section */

/* Begin XCBuildConfiguration section */
		17CAAE9426948877007B4D1A /* Debug */ = {
			isa = XCBuildConfiguration;
			buildSettings = {
				ALWAYS_SEARCH_USER_PATHS = NO;
				CLANG_ANALYZER_NONNULL = YES;
				CLANG_ANALYZER_NUMBER_OBJECT_CONVERSION = YES_AGGRESSIVE;
				CLANG_CXX_LANGUAGE_STANDARD = "gnu++14";
				CLANG_CXX_LIBRARY = "libc++";
				CLANG_ENABLE_MODULES = YES;
				CLANG_ENABLE_OBJC_ARC = YES;
				CLANG_ENABLE_OBJC_WEAK = YES;
				CLANG_WARN_BLOCK_CAPTURE_AUTORELEASING = YES;
				CLANG_WARN_BOOL_CONVERSION = YES;
				CLANG_WARN_COMMA = YES;
				CLANG_WARN_CONSTANT_CONVERSION = YES;
				CLANG_WARN_DEPRECATED_OBJC_IMPLEMENTATIONS = YES;
				CLANG_WARN_DIRECT_OBJC_ISA_USAGE = YES_ERROR;
				CLANG_WARN_DOCUMENTATION_COMMENTS = YES;
				CLANG_WARN_EMPTY_BODY = YES;
				CLANG_WARN_ENUM_CONVERSION = YES;
				CLANG_WARN_INFINITE_RECURSION = YES;
				CLANG_WARN_INT_CONVERSION = YES;
				CLANG_WARN_NON_LITERAL_NULL_CONVERSION = YES;
				CLANG_WARN_OBJC_IMPLICIT_RETAIN_SELF = YES;
				CLANG_WARN_OBJC_LITERAL_CONVERSION = YES;
				CLANG_WARN_OBJC_ROOT_CLASS = YES_ERROR;
				CLANG_WARN_QUOTED_INCLUDE_IN_FRAMEWORK_HEADER = YES;
				CLANG_WARN_RANGE_LOOP_ANALYSIS = YES;
				CLANG_WARN_STRICT_PROTOTYPES = YES;
				CLANG_WARN_SUSPICIOUS_MOVE = YES;
				CLANG_WARN_UNGUARDED_AVAILABILITY = YES_AGGRESSIVE;
				CLANG_WARN_UNREACHABLE_CODE = YES;
				CLANG_WARN__DUPLICATE_METHOD_MATCH = YES;
				COPY_PHASE_STRIP = NO;
				DEBUG_INFORMATION_FORMAT = dwarf;
				ENABLE_STRICT_OBJC_MSGSEND = YES;
				ENABLE_TESTABILITY = YES;
				GCC_C_LANGUAGE_STANDARD = gnu11;
				GCC_DYNAMIC_NO_PIC = NO;
				GCC_NO_COMMON_BLOCKS = YES;
				GCC_OPTIMIZATION_LEVEL = 0;
				GCC_PREPROCESSOR_DEFINITIONS = (
					"DEBUG=1",
					"$(inherited)",
				);
				GCC_WARN_64_TO_32_BIT_CONVERSION = YES;
				GCC_WARN_ABOUT_RETURN_TYPE = YES_ERROR;
				GCC_WARN_UNDECLARED_SELECTOR = YES;
				GCC_WARN_UNINITIALIZED_AUTOS = YES_AGGRESSIVE;
				GCC_WARN_UNUSED_FUNCTION = YES;
				GCC_WARN_UNUSED_VARIABLE = YES;
				IPHONEOS_DEPLOYMENT_TARGET = 14.5;
				MTL_ENABLE_DEBUG_INFO = INCLUDE_SOURCE;
				MTL_FAST_MATH = YES;
				ONLY_ACTIVE_ARCH = YES;
				SDKROOT = iphoneos;
				SWIFT_ACTIVE_COMPILATION_CONDITIONS = DEBUG;
				SWIFT_OPTIMIZATION_LEVEL = "-Onone";
			};
			name = Debug;
		};
		17CAAE9526948877007B4D1A /* Release */ = {
			isa = XCBuildConfiguration;
			buildSettings = {
				ALWAYS_SEARCH_USER_PATHS = NO;
				CLANG_ANALYZER_NONNULL = YES;
				CLANG_ANALYZER_NUMBER_OBJECT_CONVERSION = YES_AGGRESSIVE;
				CLANG_CXX_LANGUAGE_STANDARD = "gnu++14";
				CLANG_CXX_LIBRARY = "libc++";
				CLANG_ENABLE_MODULES = YES;
				CLANG_ENABLE_OBJC_ARC = YES;
				CLANG_ENABLE_OBJC_WEAK = YES;
				CLANG_WARN_BLOCK_CAPTURE_AUTORELEASING = YES;
				CLANG_WARN_BOOL_CONVERSION = YES;
				CLANG_WARN_COMMA = YES;
				CLANG_WARN_CONSTANT_CONVERSION = YES;
				CLANG_WARN_DEPRECATED_OBJC_IMPLEMENTATIONS = YES;
				CLANG_WARN_DIRECT_OBJC_ISA_USAGE = YES_ERROR;
				CLANG_WARN_DOCUMENTATION_COMMENTS = YES;
				CLANG_WARN_EMPTY_BODY = YES;
				CLANG_WARN_ENUM_CONVERSION = YES;
				CLANG_WARN_INFINITE_RECURSION = YES;
				CLANG_WARN_INT_CONVERSION = YES;
				CLANG_WARN_NON_LITERAL_NULL_CONVERSION = YES;
				CLANG_WARN_OBJC_IMPLICIT_RETAIN_SELF = YES;
				CLANG_WARN_OBJC_LITERAL_CONVERSION = YES;
				CLANG_WARN_OBJC_ROOT_CLASS = YES_ERROR;
				CLANG_WARN_QUOTED_INCLUDE_IN_FRAMEWORK_HEADER = YES;
				CLANG_WARN_RANGE_LOOP_ANALYSIS = YES;
				CLANG_WARN_STRICT_PROTOTYPES = YES;
				CLANG_WARN_SUSPICIOUS_MOVE = YES;
				CLANG_WARN_UNGUARDED_AVAILABILITY = YES_AGGRESSIVE;
				CLANG_WARN_UNREACHABLE_CODE = YES;
				CLANG_WARN__DUPLICATE_METHOD_MATCH = YES;
				COPY_PHASE_STRIP = NO;
				DEBUG_INFORMATION_FORMAT = "dwarf-with-dsym";
				ENABLE_NS_ASSERTIONS = NO;
				ENABLE_STRICT_OBJC_MSGSEND = YES;
				GCC_C_LANGUAGE_STANDARD = gnu11;
				GCC_NO_COMMON_BLOCKS = YES;
				GCC_WARN_64_TO_32_BIT_CONVERSION = YES;
				GCC_WARN_ABOUT_RETURN_TYPE = YES_ERROR;
				GCC_WARN_UNDECLARED_SELECTOR = YES;
				GCC_WARN_UNINITIALIZED_AUTOS = YES_AGGRESSIVE;
				GCC_WARN_UNUSED_FUNCTION = YES;
				GCC_WARN_UNUSED_VARIABLE = YES;
				IPHONEOS_DEPLOYMENT_TARGET = 14.5;
				MTL_ENABLE_DEBUG_INFO = NO;
				MTL_FAST_MATH = YES;
				SDKROOT = iphoneos;
				SWIFT_COMPILATION_MODE = wholemodule;
				SWIFT_OPTIMIZATION_LEVEL = "-O";
				VALIDATE_PRODUCT = YES;
			};
			name = Release;
		};
		17CAAE9726948877007B4D1A /* Debug */ = {
			isa = XCBuildConfiguration;
			buildSettings = {
				ASSETCATALOG_COMPILER_APPICON_NAME = AppIcon;
				ASSETCATALOG_COMPILER_GLOBAL_ACCENT_COLOR_NAME = AccentColor;
				CODE_SIGN_STYLE = Automatic;
				INFOPLIST_FILE = WeatherApp/Info.plist;
				LD_RUNPATH_SEARCH_PATHS = (
					"$(inherited)",
					"@executable_path/Frameworks",
				);
				PRODUCT_BUNDLE_IDENTIFIER = co.za.dvt.WeatherApp;
				PRODUCT_NAME = "$(TARGET_NAME)";
				SWIFT_VERSION = 5.0;
				TARGETED_DEVICE_FAMILY = "1,2";
			};
			name = Debug;
		};
		17CAAE9826948877007B4D1A /* Release */ = {
			isa = XCBuildConfiguration;
			buildSettings = {
				ASSETCATALOG_COMPILER_APPICON_NAME = AppIcon;
				ASSETCATALOG_COMPILER_GLOBAL_ACCENT_COLOR_NAME = AccentColor;
				CODE_SIGN_STYLE = Automatic;
				INFOPLIST_FILE = WeatherApp/Info.plist;
				LD_RUNPATH_SEARCH_PATHS = (
					"$(inherited)",
					"@executable_path/Frameworks",
				);
				PRODUCT_BUNDLE_IDENTIFIER = co.za.dvt.WeatherApp;
				PRODUCT_NAME = "$(TARGET_NAME)";
				SWIFT_VERSION = 5.0;
				TARGETED_DEVICE_FAMILY = "1,2";
			};
			name = Release;
		};
/* End XCBuildConfiguration section */

/* Begin XCConfigurationList section */
		17CAAE7D26948874007B4D1A /* Build configuration list for PBXProject "WeatherApp" */ = {
			isa = XCConfigurationList;
			buildConfigurations = (
				17CAAE9426948877007B4D1A /* Debug */,
				17CAAE9526948877007B4D1A /* Release */,
			);
			defaultConfigurationIsVisible = 0;
			defaultConfigurationName = Release;
		};
		17CAAE9626948877007B4D1A /* Build configuration list for PBXNativeTarget "WeatherApp" */ = {
			isa = XCConfigurationList;
			buildConfigurations = (
				17CAAE9726948877007B4D1A /* Debug */,
				17CAAE9826948877007B4D1A /* Release */,
			);
			defaultConfigurationIsVisible = 0;
			defaultConfigurationName = Release;
		};
/* End XCConfigurationList section */
	};
	rootObject = 17CAAE7A26948874007B4D1A /* Project object */;
}
